
Microsoft Visual Studio Solution File, Format Version 12.00
# Visual Studio Version 16
VisualStudioVersion = 16.0.31025.218
MinimumVisualStudioVersion = 10.0.40219.1
Project("{FAE04EC0-301F-11D3-BF4B-00C04F79EFBC}") = "CollectSFDataGui", "CollectSFDataGui\CollectSFDataGui.csproj", "{8C879E72-BC91-4762-898F-127D7C726EB2}"
EndProject
Global
	GlobalSection(SolutionConfigurationPlatforms) = preSolution
		Debug|Any CPU = Debug|Any CPU
		Release|Any CPU = Release|Any CPU
	EndGlobalSection
	GlobalSection(ProjectConfigurationPlatforms) = postSolution
		{8C879E72-BC91-4762-898F-127D7C726EB2}.Debug|Any CPU.ActiveCfg = Debug|Any CPU
		{8C879E72-BC91-4762-898F-127D7C726EB2}.Debug|Any CPU.Build.0 = Debug|Any CPU
		{8C879E72-BC91-4762-898F-127D7C726EB2}.Release|Any CPU.ActiveCfg = Release|Any CPU
		{8C879E72-BC91-4762-898F-127D7C726EB2}.Release|Any CPU.Build.0 = Release|Any CPU
	EndGlobalSection
	GlobalSection(SolutionProperties) = preSolution
		HideSolutionNode = FALSE
	EndGlobalSection
	GlobalSection(ExtensibilityGlobals) = postSolution
		SolutionGuid = {3210A6AA-5051-4407-83BA-64297BD5DB19}
	EndGlobalSection
EndGlobal
