{
  "version": 1,
  "dependencies": {
    ".NETFramework,Version=v4.7.2": {
      "Microsoft.Azure.KeyVault": {
        "type": "Direct",
        "requested": "[3.0.4, )",
        "resolved": "3.0.4",
        "contentHash": "WyNaquOQ1Czl7FsB2rxXoCq+Hywmlc8lTmiu6jtGfyS6NszKzV0uGRcAF1KC75YRB0tD8Yx6WXdwlGPpbB73QQ==",
        "dependencies": {
          "Microsoft.Azure.KeyVault.WebKey": "3.0.4",
          "Microsoft.Rest.ClientRuntime": "[2.3.20, 3.0.0)",
          "Microsoft.Rest.ClientRuntime.Azure": "[3.3.18, 4.0.0)",
          "Newtonsoft.Json": "10.0.3"
        }
      },
      "Microsoft.Azure.KeyVault.Core": {
        "type": "Direct",
        "requested": "[3.0.4, )",
        "resolved": "3.0.4",
        "contentHash": "0LJKnoBfJXjMUlU/eRVAW77px871GY7ZCsyRtF7Y/knfQA1Afrqbc9Yp9Dgcn0yCd28PUARDUj5HdtxZJ11qPw==",
        "dependencies": {
          "Microsoft.Rest.ClientRuntime": "[2.3.20, 3.0.0)",
          "Microsoft.Rest.ClientRuntime.Azure": "[3.3.18, 4.0.0)",
          "Newtonsoft.Json": "10.0.3"
        }
      },
      "Microsoft.Azure.Kusto.Data": {
        "type": "Direct",
        "requested": "[8.0.1, )",
        "resolved": "8.0.1",
        "contentHash": "LaSFaxAFKoNwHA3ejkjvEvcri4EcoUbaWcREpMVb2yDd+y/CPyG1xzoPuq03180dcOIdzNJv6Mk8sBxDrZImkg==",
        "dependencies": {
          "Microsoft.Azure.Kusto.Cloud.Platform": "8.0.1",
          "Microsoft.IdentityModel.Clients.ActiveDirectory": "5.2.0",
          "System.Security.Claims": "4.3.0",
          "System.Security.Cryptography.ProtectedData": "4.4.0",
          "WindowsAzure.Storage": "9.3.2"
        }
      },
      "Microsoft.Azure.Kusto.Ingest": {
        "type": "Direct",
        "requested": "[8.0.1, )",
        "resolved": "8.0.1",
        "contentHash": "uWMwT7STPIKjZJyM9+Hg8zS7/dJcn2AofXC7fvaaC6unVufibTBPPqxiBQYaDCxWSEYA61ySZVjDaWVBwj9QZw==",
        "dependencies": {
          "Microsoft.Azure.Kusto.Cloud.Platform.Azure": "8.0.1",
          "Microsoft.Azure.Kusto.Data": "8.0.1"
        }
      },
      "Microsoft.Azure.Storage.Blob": {
        "type": "Direct",
        "requested": "[11.1.0, )",
        "resolved": "11.1.0",
        "contentHash": "KFF3ntawI9o8OrhiQmw4xWAS31iJaPDkTSds7GfjOQBxfmjgdc9TNWGhFs0qealeNHxHfdsNCaUxhYJB1oEwtA==",
        "dependencies": {
          "Microsoft.Azure.Storage.Common": "11.1.0"
        }
      },
      "Microsoft.Azure.Storage.Common": {
        "type": "Direct",
        "requested": "[11.1.0, )",
        "resolved": "11.1.0",
        "contentHash": "8zGA1lDkw4Y+rgajmQBNoEc2EeleJmKTN0Va6s7cO7hYroLaxxhV3JWnebDXjoJS9THEQns8Ci2k31HwjRQqTg==",
        "dependencies": {
          "Microsoft.Azure.KeyVault.Core": "1.0.0",
          "Newtonsoft.Json": "10.0.2"
        }
      },
      "Microsoft.Azure.Storage.Queue": {
        "type": "Direct",
        "requested": "[11.1.0, )",
        "resolved": "11.1.0",
        "contentHash": "eENxvaMt8vgtWgpxiEdf31HVOdMMdaZENuKQKZ8XxoJpau2ZAn0q5pSNIGZMncsn05ej/BlLrtAbIMIDbLnm8A==",
        "dependencies": {
          "Microsoft.Azure.Storage.Common": "11.1.0"
        }
      },
      "Microsoft.Extensions.CommandLineUtils": {
        "type": "Direct",
        "requested": "[1.1.1, )",
        "resolved": "1.1.1",
        "contentHash": "vsI1L6Bx602aQ/8051nrRbAWGxCQQX7IKT/9XApnEYfzLPBX7LcCZuwnDyD1bHTm2D8GcMweVSPr1H2rAfAgbA=="
      },
      "Microsoft.IdentityModel.Clients.ActiveDirectory": {
        "type": "Direct",
        "requested": "[5.2.0, )",
        "resolved": "5.2.0",
        "contentHash": "5zCom0plcWSAuPp2B/Fo7XFKdrPUOaE+1dhVW5Ui2Gny7YYv1fDJ1Z8GeZEJuCd3rKN4UBO834wPEhU5gIPQMw==",
        "dependencies": {
          "System.Net.Http": "4.3.4"
        }
      },
      "Microsoft.Rest.ClientRuntime": {
        "type": "Direct",
        "requested": "[2.3.20, )",
        "resolved": "2.3.20",
        "contentHash": "bw/H1nO4JdnhTagPHWIFQwtlQ6rb2jqw5RTrqPsPqzrjhJxc7P6MyNGdf4pgHQdzdpBSNOfZTEQifoUkxmzYXQ==",
        "dependencies": {
          "Newtonsoft.Json": "10.0.3"
        }
      },
      "Microsoft.Rest.ClientRuntime.Azure": {
        "type": "Direct",
        "requested": "[3.3.19, )",
        "resolved": "3.3.19",
        "contentHash": "+NVBWvRXNwaAPTZUxjUlQggsrf3X0GbiRoxYfgc3kG9E55ZxZxvZPT3nIfC4DNqzGSXUEvmLbckdXgBBzGdUaA==",
        "dependencies": {
          "Microsoft.Rest.ClientRuntime": "[2.3.19, 3.0.0)",
          "Newtonsoft.Json": "10.0.3"
        }
      },
      "Newtonsoft.Json": {
        "type": "Direct",
        "requested": "[12.0.2, )",
        "resolved": "12.0.2",
        "contentHash": "rTK0s2EKlfHsQsH6Yx2smvcTCeyoDNgCW7FEYyV01drPlh2T243PR2DiDXqtC5N4GDm4Ma/lkxfW5a/4793vbA=="
      },
      "Microsoft.Azure.KeyVault.WebKey": {
        "type": "Transitive",
        "resolved": "3.0.4",
        "contentHash": "2D4+DRdmGYsfsE+n8pY7NVKnMG60HRsinjQN62KpAa6qNeJ66daVGJhnhVcSqT1l78+u8SduaDMiS7OgYOS0tQ==",
        "dependencies": {
          "Microsoft.Rest.ClientRuntime": "[2.3.20, 3.0.0)",
          "Microsoft.Rest.ClientRuntime.Azure": "[3.3.18, 4.0.0)",
          "Newtonsoft.Json": "10.0.3"
        }
      },
      "Microsoft.Azure.Kusto.Cloud.Platform": {
        "type": "Transitive",
        "resolved": "8.0.1",
        "contentHash": "b97pi3r4kEpg2cwgoqn2tHwwoaKm04mQVTfJFWpHHHa8nZbGOeKqmSm8We2mXq2UW/gh8JIZCKrSjRglR3yfOg==",
        "dependencies": {
          "Microsoft.IO.RecyclableMemoryStream": "1.2.2",
          "Newtonsoft.Json": "12.0.2",
          "System.CodeDom": "4.5.0",
          "System.Collections.Immutable": "1.5.0",
          "System.Data.SqlClient": "4.5.1",
          "System.IO.Compression": "4.3.0",
          "System.Net.Http": "4.3.4"
        }
      },
      "Microsoft.Azure.Kusto.Cloud.Platform.Azure": {
        "type": "Transitive",
        "resolved": "8.0.1",
        "contentHash": "cS61EUhmAtWCyM+veqlAE2u0WmVXG63kMDCfNESJQXymlNFxaRTBKgu7XIDJuXHwW4G69IYmQ2qOnLCVOn2aOA==",
        "dependencies": {
          "Microsoft.Azure.KeyVault": "3.0.4",
          "Microsoft.Azure.Kusto.Cloud.Platform": "8.0.1",
          "Microsoft.IO.RecyclableMemoryStream": "1.2.2",
          "Microsoft.IdentityModel.Clients.ActiveDirectory": "5.2.0",
          "WindowsAzure.Storage": "9.3.2"
        }
      },
      "Microsoft.IO.RecyclableMemoryStream": {
        "type": "Transitive",
        "resolved": "1.2.2",
        "contentHash": "LA4RBTStohA0hAAs6oKchmIC5M5Mjd5MwfB7vbbl+312N5kXj8abTGOgwZy6ASJYLCiqiiK5kHS0hDGEgfkB8g=="
      },
      "System.CodeDom": {
        "type": "Transitive",
        "resolved": "4.5.0",
        "contentHash": "gqpR1EeXOuzNQWL7rOzmtdIz3CaXVjSQCiaGOs2ivjPwynKSJYm39X81fdlp7WuojZs/Z5t1k5ni7HtKQurhjw=="
      },
      "System.Collections.Immutable": {
        "type": "Transitive",
        "resolved": "1.5.0",
        "contentHash": "EXKiDFsChZW0RjrZ4FYHu9aW6+P4MCgEDCklsVseRfhoO0F+dXeMSsMRAlVXIo06kGJ/zv+2w1a2uc2+kxxSaQ=="
      },
      "System.Data.SqlClient": {
        "type": "Transitive",
        "resolved": "4.5.1",
        "contentHash": "HV8pqcYlH7bNnX1n4i6F5RG7r6+WVErE2jUMNjXRrrkLFVIWLoerXtXDFs80pHvDBjxoG4rG0p2BUH3iXRs7hQ=="
      },
      "System.IO": {
        "type": "Transitive",
        "resolved": "4.3.0",
        "contentHash": "3qjaHvxQPDpSOYICjUoTsmoq5u6QJAFRUITgeT/4gqkF1bajbSmb1kwSxEA8AHlofqgcKJcM8udgieRNhaJ5Cg=="
      },
      "System.IO.Compression": {
        "type": "Transitive",
        "resolved": "4.3.0",
        "contentHash": "YHndyoiV90iu4iKG115ibkhrG+S3jBm8Ap9OwoUAzO5oPDAWcr0SFwQFm0HjM8WkEZWo0zvLTyLmbvTkW1bXgg=="
      },
      "System.Net.Http": {
        "type": "Transitive",
        "resolved": "4.3.4",
        "contentHash": "aOa2d51SEbmM+H+Csw7yJOuNZoHkrP2XnAurye5HWYgGVVU54YZDvsLUYRv6h18X3sPnjNCANmN7ZhIPiqMcjA==",
        "dependencies": {
          "System.Security.Cryptography.X509Certificates": "4.3.0"
        }
      },
      "System.Runtime": {
        "type": "Transitive",
        "resolved": "4.3.0",
        "contentHash": "JufQi0vPQ0xGnAczR13AUFglDyVYt4Kqnz1AZaiKZ5+GICq0/1MH/mO/eAJHt/mHW1zjKBJd7kV26SrxddAhiw=="
      },
      "System.Security.Claims": {
        "type": "Transitive",
        "resolved": "4.3.0",
        "contentHash": "P/+BR/2lnc4PNDHt/TPBAWHVMLMRHsyYZbU1NphW4HIWzCggz8mJbTQQ3MKljFE7LS3WagmVFuBgoLcFzYXlkA=="
      },
      "System.Security.Cryptography.Algorithms": {
        "type": "Transitive",
        "resolved": "4.3.0",
        "contentHash": "W1kd2Y8mYSCgc3ULTAZ0hOP2dSdG5YauTb1089T0/kRcN2MpSAW1izOFROrJgxSlMn3ArsgHXagigyi+ibhevg==",
        "dependencies": {
          "System.IO": "4.3.0",
          "System.Runtime": "4.3.0",
          "System.Security.Cryptography.Encoding": "4.3.0",
          "System.Security.Cryptography.Primitives": "4.3.0"
        }
      },
      "System.Security.Cryptography.Encoding": {
        "type": "Transitive",
        "resolved": "4.3.0",
        "contentHash": "1DEWjZZly9ae9C79vFwqaO5kaOlI5q+3/55ohmq/7dpDyDfc8lYe7YVxJUZ5MF/NtbkRjwFRo14yM4OEo9EmDw=="
      },
      "System.Security.Cryptography.Primitives": {
        "type": "Transitive",
        "resolved": "4.3.0",
        "contentHash": "7bDIyVFNL/xKeFHjhobUAQqSpJq9YTOpbEs6mR233Et01STBMXNAc/V+BM6dwYGc95gVh/Zf+iVXWzj3mE8DWg=="
      },
      "System.Security.Cryptography.ProtectedData": {
        "type": "Transitive",
        "resolved": "4.4.0",
        "contentHash": "cJV7ScGW7EhatRsjehfvvYVBvtiSMKgN8bOVI0bQhnF5bU7vnHVIsH49Kva7i7GWaWYvmEzkYVk1TC+gZYBEog=="
      },
      "System.Security.Cryptography.X509Certificates": {
        "type": "Transitive",
        "resolved": "4.3.0",
        "contentHash": "t2Tmu6Y2NtJ2um0RtcuhP7ZdNNxXEgUm2JeoA/0NvlMjAhKCnM1NX07TDl3244mVp3QU6LPEhT3HTtH1uF7IYw==",
        "dependencies": {
          "System.Security.Cryptography.Algorithms": "4.3.0",
          "System.Security.Cryptography.Encoding": "4.3.0"
        }
      },
      "WindowsAzure.Storage": {
        "type": "Transitive",
        "resolved": "9.3.2",
        "contentHash": "iVH/VhGsViIEo1G89BuK84RBsArJQOFy5sM6mrZ2IeXPcRkEmsy1dWsbgXtXLh1odiTadu2zMEdyUWIkyC2U7w==",
        "dependencies": {
          "Microsoft.Azure.KeyVault.Core": "1.0.0",
          "Newtonsoft.Json": "10.0.2"
        }
      }
    },
    ".NETFramework,Version=v4.7.2/win": {
      "System.Data.SqlClient": {
        "type": "Transitive",
        "resolved": "4.5.1",
        "contentHash": "HV8pqcYlH7bNnX1n4i6F5RG7r6+WVErE2jUMNjXRrrkLFVIWLoerXtXDFs80pHvDBjxoG4rG0p2BUH3iXRs7hQ=="
      },
      "System.IO.Compression": {
        "type": "Transitive",
        "resolved": "4.3.0",
        "contentHash": "YHndyoiV90iu4iKG115ibkhrG+S3jBm8Ap9OwoUAzO5oPDAWcr0SFwQFm0HjM8WkEZWo0zvLTyLmbvTkW1bXgg=="
      },
      "System.Net.Http": {
        "type": "Transitive",
        "resolved": "4.3.4",
        "contentHash": "aOa2d51SEbmM+H+Csw7yJOuNZoHkrP2XnAurye5HWYgGVVU54YZDvsLUYRv6h18X3sPnjNCANmN7ZhIPiqMcjA==",
        "dependencies": {
          "System.Security.Cryptography.X509Certificates": "4.3.0"
        }
      },
      "System.Security.Cryptography.Algorithms": {
        "type": "Transitive",
        "resolved": "4.3.0",
        "contentHash": "W1kd2Y8mYSCgc3ULTAZ0hOP2dSdG5YauTb1089T0/kRcN2MpSAW1izOFROrJgxSlMn3ArsgHXagigyi+ibhevg==",
        "dependencies": {
          "System.IO": "4.3.0",
          "System.Runtime": "4.3.0",
          "System.Security.Cryptography.Encoding": "4.3.0",
          "System.Security.Cryptography.Primitives": "4.3.0"
        }
      },
      "System.Security.Cryptography.Encoding": {
        "type": "Transitive",
        "resolved": "4.3.0",
        "contentHash": "1DEWjZZly9ae9C79vFwqaO5kaOlI5q+3/55ohmq/7dpDyDfc8lYe7YVxJUZ5MF/NtbkRjwFRo14yM4OEo9EmDw=="
      },
      "System.Security.Cryptography.ProtectedData": {
        "type": "Transitive",
        "resolved": "4.4.0",
        "contentHash": "cJV7ScGW7EhatRsjehfvvYVBvtiSMKgN8bOVI0bQhnF5bU7vnHVIsH49Kva7i7GWaWYvmEzkYVk1TC+gZYBEog=="
      },
      "System.Security.Cryptography.X509Certificates": {
        "type": "Transitive",
        "resolved": "4.3.0",
        "contentHash": "t2Tmu6Y2NtJ2um0RtcuhP7ZdNNxXEgUm2JeoA/0NvlMjAhKCnM1NX07TDl3244mVp3QU6LPEhT3HTtH1uF7IYw==",
        "dependencies": {
          "System.Security.Cryptography.Algorithms": "4.3.0",
          "System.Security.Cryptography.Encoding": "4.3.0"
        }
      }
    },
    ".NETFramework,Version=v4.7.2/win-x64": {
      "System.Data.SqlClient": {
        "type": "Transitive",
        "resolved": "4.5.1",
        "contentHash": "HV8pqcYlH7bNnX1n4i6F5RG7r6+WVErE2jUMNjXRrrkLFVIWLoerXtXDFs80pHvDBjxoG4rG0p2BUH3iXRs7hQ=="
      },
      "System.IO.Compression": {
        "type": "Transitive",
        "resolved": "4.3.0",
        "contentHash": "YHndyoiV90iu4iKG115ibkhrG+S3jBm8Ap9OwoUAzO5oPDAWcr0SFwQFm0HjM8WkEZWo0zvLTyLmbvTkW1bXgg=="
      },
      "System.Net.Http": {
        "type": "Transitive",
        "resolved": "4.3.4",
        "contentHash": "aOa2d51SEbmM+H+Csw7yJOuNZoHkrP2XnAurye5HWYgGVVU54YZDvsLUYRv6h18X3sPnjNCANmN7ZhIPiqMcjA==",
        "dependencies": {
          "System.Security.Cryptography.X509Certificates": "4.3.0"
        }
      },
      "System.Security.Cryptography.Algorithms": {
        "type": "Transitive",
        "resolved": "4.3.0",
        "contentHash": "W1kd2Y8mYSCgc3ULTAZ0hOP2dSdG5YauTb1089T0/kRcN2MpSAW1izOFROrJgxSlMn3ArsgHXagigyi+ibhevg==",
        "dependencies": {
          "System.IO": "4.3.0",
          "System.Runtime": "4.3.0",
          "System.Security.Cryptography.Encoding": "4.3.0",
          "System.Security.Cryptography.Primitives": "4.3.0"
        }
      },
      "System.Security.Cryptography.Encoding": {
        "type": "Transitive",
        "resolved": "4.3.0",
        "contentHash": "1DEWjZZly9ae9C79vFwqaO5kaOlI5q+3/55ohmq/7dpDyDfc8lYe7YVxJUZ5MF/NtbkRjwFRo14yM4OEo9EmDw=="
      },
      "System.Security.Cryptography.ProtectedData": {
        "type": "Transitive",
        "resolved": "4.4.0",
        "contentHash": "cJV7ScGW7EhatRsjehfvvYVBvtiSMKgN8bOVI0bQhnF5bU7vnHVIsH49Kva7i7GWaWYvmEzkYVk1TC+gZYBEog=="
      },
      "System.Security.Cryptography.X509Certificates": {
        "type": "Transitive",
        "resolved": "4.3.0",
        "contentHash": "t2Tmu6Y2NtJ2um0RtcuhP7ZdNNxXEgUm2JeoA/0NvlMjAhKCnM1NX07TDl3244mVp3QU6LPEhT3HTtH1uF7IYw==",
        "dependencies": {
          "System.Security.Cryptography.Algorithms": "4.3.0",
          "System.Security.Cryptography.Encoding": "4.3.0"
        }
      }
    },
    ".NETFramework,Version=v4.7.2/win-x86": {
      "System.Data.SqlClient": {
        "type": "Transitive",
        "resolved": "4.5.1",
        "contentHash": "HV8pqcYlH7bNnX1n4i6F5RG7r6+WVErE2jUMNjXRrrkLFVIWLoerXtXDFs80pHvDBjxoG4rG0p2BUH3iXRs7hQ=="
      },
      "System.IO.Compression": {
        "type": "Transitive",
        "resolved": "4.3.0",
        "contentHash": "YHndyoiV90iu4iKG115ibkhrG+S3jBm8Ap9OwoUAzO5oPDAWcr0SFwQFm0HjM8WkEZWo0zvLTyLmbvTkW1bXgg=="
      },
      "System.Net.Http": {
        "type": "Transitive",
        "resolved": "4.3.4",
        "contentHash": "aOa2d51SEbmM+H+Csw7yJOuNZoHkrP2XnAurye5HWYgGVVU54YZDvsLUYRv6h18X3sPnjNCANmN7ZhIPiqMcjA==",
        "dependencies": {
          "System.Security.Cryptography.X509Certificates": "4.3.0"
        }
      },
      "System.Security.Cryptography.Algorithms": {
        "type": "Transitive",
        "resolved": "4.3.0",
        "contentHash": "W1kd2Y8mYSCgc3ULTAZ0hOP2dSdG5YauTb1089T0/kRcN2MpSAW1izOFROrJgxSlMn3ArsgHXagigyi+ibhevg==",
        "dependencies": {
          "System.IO": "4.3.0",
          "System.Runtime": "4.3.0",
          "System.Security.Cryptography.Encoding": "4.3.0",
          "System.Security.Cryptography.Primitives": "4.3.0"
        }
      },
      "System.Security.Cryptography.Encoding": {
        "type": "Transitive",
        "resolved": "4.3.0",
        "contentHash": "1DEWjZZly9ae9C79vFwqaO5kaOlI5q+3/55ohmq/7dpDyDfc8lYe7YVxJUZ5MF/NtbkRjwFRo14yM4OEo9EmDw=="
      },
      "System.Security.Cryptography.ProtectedData": {
        "type": "Transitive",
        "resolved": "4.4.0",
        "contentHash": "cJV7ScGW7EhatRsjehfvvYVBvtiSMKgN8bOVI0bQhnF5bU7vnHVIsH49Kva7i7GWaWYvmEzkYVk1TC+gZYBEog=="
      },
      "System.Security.Cryptography.X509Certificates": {
        "type": "Transitive",
        "resolved": "4.3.0",
        "contentHash": "t2Tmu6Y2NtJ2um0RtcuhP7ZdNNxXEgUm2JeoA/0NvlMjAhKCnM1NX07TDl3244mVp3QU6LPEhT3HTtH1uF7IYw==",
        "dependencies": {
          "System.Security.Cryptography.Algorithms": "4.3.0",
          "System.Security.Cryptography.Encoding": "4.3.0"
        }
      }
    }
  }
}